# This file is autogenerated, do not edit; changes may be undone by the next 'dep ensure'.


[[projects]]
  branch = "master"
  name = "github.com/skroutz/mistry"
  packages = ["pkg/types","pkg/utils"]
  revision = "abbfb58d5a2aaf3eaebf9408d81ec7d459326416"

[[projects]]
  name = "github.com/urfave/cli"
  packages = ["."]
  revision = "cfb38830724cc34fedffe9a2a29fb54fa9169cd1"
  version = "v1.20.0"

[solve-meta]
  analyzer-name = "dep"
  analyzer-version = 1
  inputs-digest = "5a66ef2d7edd4bef2c03fc8aca658201b2eacc1f632e7bdb71907578b74c236a"
  solver-name = "gps-cdcl"
  solver-version = 1
